// !$*UTF8*$!
{
	archiveVersion = 1;
	classes = {
	};
	objectVersion = 50;
	objects = {

/* Begin PBXBuildFile section */
		4627A69C2436768F00E1C3B7 /* AppDelegate.swift in Sources */ = {isa = PBXBuildFile; fileRef = 4627A69B2436768F00E1C3B7 /* AppDelegate.swift */; };
		4627A69E2436768F00E1C3B7 /* SceneDelegate.swift in Sources */ = {isa = PBXBuildFile; fileRef = 4627A69D2436768F00E1C3B7 /* SceneDelegate.swift */; };
		4627A6A32436768F00E1C3B7 /* Main.storyboard in Resources */ = {isa = PBXBuildFile; fileRef = 4627A6A12436768F00E1C3B7 /* Main.storyboard */; };
		4627A6A52436769200E1C3B7 /* Assets.xcassets in Resources */ = {isa = PBXBuildFile; fileRef = 4627A6A42436769200E1C3B7 /* Assets.xcassets */; };
		4627A6A82436769200E1C3B7 /* LaunchScreen.storyboard in Resources */ = {isa = PBXBuildFile; fileRef = 4627A6A62436769200E1C3B7 /* LaunchScreen.storyboard */; };
		4627A6BF2436783500E1C3B7 /* ConnectorTests.swift in Sources */ = {isa = PBXBuildFile; fileRef = 4627A6BE2436783500E1C3B7 /* ConnectorTests.swift */; };
		4627A6C224367B2F00E1C3B7 /* Connector.swift in Sources */ = {isa = PBXBuildFile; fileRef = 4627A6C124367B2F00E1C3B7 /* Connector.swift */; };
		4627A6C524367D6300E1C3B7 /* MockURLSession.swift in Sources */ = {isa = PBXBuildFile; fileRef = 4627A6C424367D6300E1C3B7 /* MockURLSession.swift */; };
		4627A6C724367DD700E1C3B7 /* MockURLSessionDataTask.swift in Sources */ = {isa = PBXBuildFile; fileRef = 4627A6C624367DD700E1C3B7 /* MockURLSessionDataTask.swift */; };
		4637D9D2243E7C7800E854F6 /* MovieTests.swift in Sources */ = {isa = PBXBuildFile; fileRef = 4637D9D1243E7C7800E854F6 /* MovieTests.swift */; };
		4637D9D4243E7DCA00E854F6 /* Movie.swift in Sources */ = {isa = PBXBuildFile; fileRef = 4637D9D3243E7DCA00E854F6 /* Movie.swift */; };
		4637D9D6243E7E5A00E854F6 /* MovieListWorkerTests.swift in Sources */ = {isa = PBXBuildFile; fileRef = 4637D9D5243E7E5A00E854F6 /* MovieListWorkerTests.swift */; };
		4637D9D8243E868100E854F6 /* MovieListWorker.swift in Sources */ = {isa = PBXBuildFile; fileRef = 4637D9D7243E868100E854F6 /* MovieListWorker.swift */; };
		46673C2E2450CC9600DC8083 /* MovieListPresenterTests.swift in Sources */ = {isa = PBXBuildFile; fileRef = 46673C2D2450CC9600DC8083 /* MovieListPresenterTests.swift */; };
		46673C302450D52300DC8083 /* MovieListPresenter.swift in Sources */ = {isa = PBXBuildFile; fileRef = 46673C2F2450D52300DC8083 /* MovieListPresenter.swift */; };
		46673C322450D5EF00DC8083 /* MockMovieListWorker.swift in Sources */ = {isa = PBXBuildFile; fileRef = 46673C312450D5EF00DC8083 /* MockMovieListWorker.swift */; };
		46673C352450DCF900DC8083 /* MovieListPresenterOutputDelegate.swift in Sources */ = {isa = PBXBuildFile; fileRef = 46673C342450DCF900DC8083 /* MovieListPresenterOutputDelegate.swift */; };
		46673C372450DEF300DC8083 /* MovieListPresenterProtocol.swift in Sources */ = {isa = PBXBuildFile; fileRef = 46673C362450DEF300DC8083 /* MovieListPresenterProtocol.swift */; };
		46673C3A2450E67700DC8083 /* MovieListPresenterOutputDelegateTests.swift in Sources */ = {isa = PBXBuildFile; fileRef = 46673C392450E67700DC8083 /* MovieListPresenterOutputDelegateTests.swift */; };
		46673C3C2450E6ED00DC8083 /* MovieViewModelTests.swift in Sources */ = {isa = PBXBuildFile; fileRef = 46673C3B2450E6ED00DC8083 /* MovieViewModelTests.swift */; };
		46673C3E2450E6F500DC8083 /* MovieViewModel.swift in Sources */ = {isa = PBXBuildFile; fileRef = 46673C3D2450E6F500DC8083 /* MovieViewModel.swift */; };
		46673C412450EC3300DC8083 /* MovieViewModel+Extesnion.swift in Sources */ = {isa = PBXBuildFile; fileRef = 46673C3F2450EC3300DC8083 /* MovieViewModel+Extesnion.swift */; };
		46673C422450EC3300DC8083 /* Movie+Extension.swift in Sources */ = {isa = PBXBuildFile; fileRef = 46673C402450EC3300DC8083 /* Movie+Extension.swift */; };
		467EB5BD2447ECE5007D328C /* invalid_movies.json in Resources */ = {isa = PBXBuildFile; fileRef = 467EB5BB2447ECE5007D328C /* invalid_movies.json */; };
		467EB5BE2447ECE5007D328C /* valid_movies.json in Resources */ = {isa = PBXBuildFile; fileRef = 467EB5BC2447ECE5007D328C /* valid_movies.json */; };
		467EB5C52447ECFA007D328C /* HTTPURLResponse+Extension.swift in Sources */ = {isa = PBXBuildFile; fileRef = 467EB5C02447ECFA007D328C /* HTTPURLResponse+Extension.swift */; };
		467EB5C62447ECFA007D328C /* Bundle+Extension.swift in Sources */ = {isa = PBXBuildFile; fileRef = 467EB5C12447ECFA007D328C /* Bundle+Extension.swift */; };
		467EB5C82447ECFA007D328C /* XCTestCase+Extension.swift in Sources */ = {isa = PBXBuildFile; fileRef = 467EB5C32447ECFA007D328C /* XCTestCase+Extension.swift */; };
		467EB5CB2447ED46007D328C /* DelayedMockURLSession.swift in Sources */ = {isa = PBXBuildFile; fileRef = 467EB5CA2447ED46007D328C /* DelayedMockURLSession.swift */; };
/* End PBXBuildFile section */

/* Begin PBXContainerItemProxy section */
		4627A6B8243676CB00E1C3B7 /* PBXContainerItemProxy */ = {
			isa = PBXContainerItemProxy;
			containerPortal = 4627A6902436768F00E1C3B7 /* Project object */;
			proxyType = 1;
			remoteGlobalIDString = 4627A6972436768F00E1C3B7;
			remoteInfo = MovieList;
		};
/* End PBXContainerItemProxy section */

/* Begin PBXFileReference section */
		4627A6982436768F00E1C3B7 /* MovieList.app */ = {isa = PBXFileReference; explicitFileType = wrapper.application; includeInIndex = 0; path = MovieList.app; sourceTree = BUILT_PRODUCTS_DIR; };
		4627A69B2436768F00E1C3B7 /* AppDelegate.swift */ = {isa = PBXFileReference; lastKnownFileType = sourcecode.swift; path = AppDelegate.swift; sourceTree = "<group>"; };
		4627A69D2436768F00E1C3B7 /* SceneDelegate.swift */ = {isa = PBXFileReference; lastKnownFileType = sourcecode.swift; path = SceneDelegate.swift; sourceTree = "<group>"; };
		4627A6A22436768F00E1C3B7 /* Base */ = {isa = PBXFileReference; lastKnownFileType = file.storyboard; name = Base; path = Base.lproj/Main.storyboard; sourceTree = "<group>"; };
		4627A6A42436769200E1C3B7 /* Assets.xcassets */ = {isa = PBXFileReference; lastKnownFileType = folder.assetcatalog; path = Assets.xcassets; sourceTree = "<group>"; };
		4627A6A72436769200E1C3B7 /* Base */ = {isa = PBXFileReference; lastKnownFileType = file.storyboard; name = Base; path = Base.lproj/LaunchScreen.storyboard; sourceTree = "<group>"; };
		4627A6A92436769200E1C3B7 /* Info.plist */ = {isa = PBXFileReference; lastKnownFileType = text.plist.xml; path = Info.plist; sourceTree = "<group>"; };
		4627A6B3243676CB00E1C3B7 /* MovieListTests.xctest */ = {isa = PBXFileReference; explicitFileType = wrapper.cfbundle; includeInIndex = 0; path = MovieListTests.xctest; sourceTree = BUILT_PRODUCTS_DIR; };
		4627A6B7243676CB00E1C3B7 /* Info.plist */ = {isa = PBXFileReference; lastKnownFileType = text.plist.xml; path = Info.plist; sourceTree = "<group>"; };
		4627A6BE2436783500E1C3B7 /* ConnectorTests.swift */ = {isa = PBXFileReference; lastKnownFileType = sourcecode.swift; path = ConnectorTests.swift; sourceTree = "<group>"; };
		4627A6C124367B2F00E1C3B7 /* Connector.swift */ = {isa = PBXFileReference; lastKnownFileType = sourcecode.swift; path = Connector.swift; sourceTree = "<group>"; };
		4627A6C424367D6300E1C3B7 /* MockURLSession.swift */ = {isa = PBXFileReference; lastKnownFileType = sourcecode.swift; path = MockURLSession.swift; sourceTree = "<group>"; };
		4627A6C624367DD700E1C3B7 /* MockURLSessionDataTask.swift */ = {isa = PBXFileReference; lastKnownFileType = sourcecode.swift; path = MockURLSessionDataTask.swift; sourceTree = "<group>"; };
		4637D9D1243E7C7800E854F6 /* MovieTests.swift */ = {isa = PBXFileReference; lastKnownFileType = sourcecode.swift; path = MovieTests.swift; sourceTree = "<group>"; };
		4637D9D3243E7DCA00E854F6 /* Movie.swift */ = {isa = PBXFileReference; lastKnownFileType = sourcecode.swift; path = Movie.swift; sourceTree = "<group>"; };
		4637D9D5243E7E5A00E854F6 /* MovieListWorkerTests.swift */ = {isa = PBXFileReference; lastKnownFileType = sourcecode.swift; path = MovieListWorkerTests.swift; sourceTree = "<group>"; };
		4637D9D7243E868100E854F6 /* MovieListWorker.swift */ = {isa = PBXFileReference; lastKnownFileType = sourcecode.swift; path = MovieListWorker.swift; sourceTree = "<group>"; };
		46673C2D2450CC9600DC8083 /* MovieListPresenterTests.swift */ = {isa = PBXFileReference; lastKnownFileType = sourcecode.swift; path = MovieListPresenterTests.swift; sourceTree = "<group>"; };
		46673C2F2450D52300DC8083 /* MovieListPresenter.swift */ = {isa = PBXFileReference; lastKnownFileType = sourcecode.swift; path = MovieListPresenter.swift; sourceTree = "<group>"; };
		46673C312450D5EF00DC8083 /* MockMovieListWorker.swift */ = {isa = PBXFileReference; lastKnownFileType = sourcecode.swift; path = MockMovieListWorker.swift; sourceTree = "<group>"; };
		46673C342450DCF900DC8083 /* MovieListPresenterOutputDelegate.swift */ = {isa = PBXFileReference; lastKnownFileType = sourcecode.swift; path = MovieListPresenterOutputDelegate.swift; sourceTree = "<group>"; };
		46673C362450DEF300DC8083 /* MovieListPresenterProtocol.swift */ = {isa = PBXFileReference; lastKnownFileType = sourcecode.swift; path = MovieListPresenterProtocol.swift; sourceTree = "<group>"; };
		46673C392450E67700DC8083 /* MovieListPresenterOutputDelegateTests.swift */ = {isa = PBXFileReference; fileEncoding = 4; lastKnownFileType = sourcecode.swift; path = MovieListPresenterOutputDelegateTests.swift; sourceTree = "<group>"; };
		46673C3B2450E6ED00DC8083 /* MovieViewModelTests.swift */ = {isa = PBXFileReference; fileEncoding = 4; lastKnownFileType = sourcecode.swift; path = MovieViewModelTests.swift; sourceTree = "<group>"; };
		46673C3D2450E6F500DC8083 /* MovieViewModel.swift */ = {isa = PBXFileReference; lastKnownFileType = sourcecode.swift; path = MovieViewModel.swift; sourceTree = "<group>"; };
		46673C3F2450EC3300DC8083 /* MovieViewModel+Extesnion.swift */ = {isa = PBXFileReference; fileEncoding = 4; lastKnownFileType = sourcecode.swift; path = "MovieViewModel+Extesnion.swift"; sourceTree = "<group>"; };
		46673C402450EC3300DC8083 /* Movie+Extension.swift */ = {isa = PBXFileReference; fileEncoding = 4; lastKnownFileType = sourcecode.swift; path = "Movie+Extension.swift"; sourceTree = "<group>"; };
		467EB5BB2447ECE5007D328C /* invalid_movies.json */ = {isa = PBXFileReference; fileEncoding = 4; lastKnownFileType = text.json; path = invalid_movies.json; sourceTree = "<group>"; };
		467EB5BC2447ECE5007D328C /* valid_movies.json */ = {isa = PBXFileReference; fileEncoding = 4; lastKnownFileType = text.json; path = valid_movies.json; sourceTree = "<group>"; };
		467EB5C02447ECFA007D328C /* HTTPURLResponse+Extension.swift */ = {isa = PBXFileReference; fileEncoding = 4; lastKnownFileType = sourcecode.swift; path = "HTTPURLResponse+Extension.swift"; sourceTree = "<group>"; };
		467EB5C12447ECFA007D328C /* Bundle+Extension.swift */ = {isa = PBXFileReference; fileEncoding = 4; lastKnownFileType = sourcecode.swift; path = "Bundle+Extension.swift"; sourceTree = "<group>"; };
		467EB5C32447ECFA007D328C /* XCTestCase+Extension.swift */ = {isa = PBXFileReference; fileEncoding = 4; lastKnownFileType = sourcecode.swift; path = "XCTestCase+Extension.swift"; sourceTree = "<group>"; };
		467EB5CA2447ED46007D328C /* DelayedMockURLSession.swift */ = {isa = PBXFileReference; lastKnownFileType = sourcecode.swift; path = DelayedMockURLSession.swift; sourceTree = "<group>"; };
/* End PBXFileReference section */

/* Begin PBXFrameworksBuildPhase section */
		4627A6952436768F00E1C3B7 /* Frameworks */ = {
			isa = PBXFrameworksBuildPhase;
			buildActionMask = 2147483647;
			files = (
			);
			runOnlyForDeploymentPostprocessing = 0;
		};
		4627A6B0243676CB00E1C3B7 /* Frameworks */ = {
			isa = PBXFrameworksBuildPhase;
			buildActionMask = 2147483647;
			files = (
			);
			runOnlyForDeploymentPostprocessing = 0;
		};
/* End PBXFrameworksBuildPhase section */

/* Begin PBXGroup section */
		4627A68F2436768F00E1C3B7 = {
			isa = PBXGroup;
			children = (
				4627A69A2436768F00E1C3B7 /* MovieList */,
				4627A6B4243676CB00E1C3B7 /* MovieListTests */,
				4627A6992436768F00E1C3B7 /* Products */,
			);
			sourceTree = "<group>";
		};
		4627A6992436768F00E1C3B7 /* Products */ = {
			isa = PBXGroup;
			children = (
				4627A6982436768F00E1C3B7 /* MovieList.app */,
				4627A6B3243676CB00E1C3B7 /* MovieListTests.xctest */,
			);
			name = Products;
			sourceTree = "<group>";
		};
		4627A69A2436768F00E1C3B7 /* MovieList */ = {
			isa = PBXGroup;
			children = (
				4637D9CE243E7C6300E854F6 /* Models */,
				4637D9CD243E7C5C00E854F6 /* Scenes */,
				4627A6C024367B1F00E1C3B7 /* Networking */,
				4637D9CC243E7C3100E854F6 /* Base */,
			);
			path = MovieList;
			sourceTree = "<group>";
		};
		4627A6B4243676CB00E1C3B7 /* MovieListTests */ = {
			isa = PBXGroup;
			children = (
				4637D9D0243E7C7000E854F6 /* Models */,
				4637D9CF243E7C6B00E854F6 /* Scenes */,
				4627A6BD243677EC00E1C3B7 /* Networking */,
				4627A6B7243676CB00E1C3B7 /* Info.plist */,
			);
			path = MovieListTests;
			sourceTree = "<group>";
		};
		4627A6BD243677EC00E1C3B7 /* Networking */ = {
			isa = PBXGroup;
			children = (
				4627A6C324367D4C00E1C3B7 /* Mock */,
				4627A6BE2436783500E1C3B7 /* ConnectorTests.swift */,
			);
			path = Networking;
			sourceTree = "<group>";
		};
		4627A6C024367B1F00E1C3B7 /* Networking */ = {
			isa = PBXGroup;
			children = (
				4627A6C124367B2F00E1C3B7 /* Connector.swift */,
			);
			path = Networking;
			sourceTree = "<group>";
		};
		4627A6C324367D4C00E1C3B7 /* Mock */ = {
			isa = PBXGroup;
			children = (
				4627A6C424367D6300E1C3B7 /* MockURLSession.swift */,
				4627A6C624367DD700E1C3B7 /* MockURLSessionDataTask.swift */,
				467EB5CA2447ED46007D328C /* DelayedMockURLSession.swift */,
			);
			path = Mock;
			sourceTree = "<group>";
		};
		4637D9CC243E7C3100E854F6 /* Base */ = {
			isa = PBXGroup;
			children = (
				4627A69B2436768F00E1C3B7 /* AppDelegate.swift */,
				4627A69D2436768F00E1C3B7 /* SceneDelegate.swift */,
				4627A6A12436768F00E1C3B7 /* Main.storyboard */,
				4627A6A42436769200E1C3B7 /* Assets.xcassets */,
				4627A6A62436769200E1C3B7 /* LaunchScreen.storyboard */,
				4627A6A92436769200E1C3B7 /* Info.plist */,
			);
			path = Base;
			sourceTree = "<group>";
		};
		4637D9CD243E7C5C00E854F6 /* Scenes */ = {
			isa = PBXGroup;
			children = (
				46673C332450DCE300DC8083 /* Protocols */,
				4637D9D7243E868100E854F6 /* MovieListWorker.swift */,
				46673C2F2450D52300DC8083 /* MovieListPresenter.swift */,
			);
			path = Scenes;
			sourceTree = "<group>";
		};
		4637D9CE243E7C6300E854F6 /* Models */ = {
			isa = PBXGroup;
			children = (
				4637D9D3243E7DCA00E854F6 /* Movie.swift */,
				46673C3D2450E6F500DC8083 /* MovieViewModel.swift */,
			);
			path = Models;
			sourceTree = "<group>";
		};
		4637D9CF243E7C6B00E854F6 /* Scenes */ = {
			isa = PBXGroup;
			children = (
				46673C382450E66D00DC8083 /* Protocols */,
				467EB5BF2447ECFA007D328C /* Extension */,
				467EB5B92447ECD8007D328C /* Mocks */,
				4637D9D5243E7E5A00E854F6 /* MovieListWorkerTests.swift */,
				46673C2D2450CC9600DC8083 /* MovieListPresenterTests.swift */,
			);
			path = Scenes;
			sourceTree = "<group>";
		};
		4637D9D0243E7C7000E854F6 /* Models */ = {
			isa = PBXGroup;
			children = (
				46673C3B2450E6ED00DC8083 /* MovieViewModelTests.swift */,
				4637D9D1243E7C7800E854F6 /* MovieTests.swift */,
			);
			path = Models;
			sourceTree = "<group>";
		};
		46673C332450DCE300DC8083 /* Protocols */ = {
			isa = PBXGroup;
			children = (
				46673C342450DCF900DC8083 /* MovieListPresenterOutputDelegate.swift */,
				46673C362450DEF300DC8083 /* MovieListPresenterProtocol.swift */,
			);
			path = Protocols;
			sourceTree = "<group>";
		};
		46673C382450E66D00DC8083 /* Protocols */ = {
			isa = PBXGroup;
			children = (
				46673C392450E67700DC8083 /* MovieListPresenterOutputDelegateTests.swift */,
			);
			path = Protocols;
			sourceTree = "<group>";
		};
		467EB5B92447ECD8007D328C /* Mocks */ = {
			isa = PBXGroup;
			children = (
				467EB5BA2447ECE5007D328C /* Resources */,
				46673C312450D5EF00DC8083 /* MockMovieListWorker.swift */,
			);
			path = Mocks;
			sourceTree = "<group>";
		};
		467EB5BA2447ECE5007D328C /* Resources */ = {
			isa = PBXGroup;
			children = (
				467EB5BC2447ECE5007D328C /* valid_movies.json */,
				467EB5BB2447ECE5007D328C /* invalid_movies.json */,
			);
			path = Resources;
			sourceTree = "<group>";
		};
		467EB5BF2447ECFA007D328C /* Extension */ = {
			isa = PBXGroup;
			children = (
				46673C402450EC3300DC8083 /* Movie+Extension.swift */,
				46673C3F2450EC3300DC8083 /* MovieViewModel+Extesnion.swift */,
				467EB5C02447ECFA007D328C /* HTTPURLResponse+Extension.swift */,
				467EB5C12447ECFA007D328C /* Bundle+Extension.swift */,
				467EB5C32447ECFA007D328C /* XCTestCase+Extension.swift */,
			);
			path = Extension;
			sourceTree = "<group>";
		};
/* End PBXGroup section */

/* Begin PBXNativeTarget section */
		4627A6972436768F00E1C3B7 /* MovieList */ = {
			isa = PBXNativeTarget;
			buildConfigurationList = 4627A6AC2436769200E1C3B7 /* Build configuration list for PBXNativeTarget "MovieList" */;
			buildPhases = (
				4627A6942436768F00E1C3B7 /* Sources */,
				4627A6952436768F00E1C3B7 /* Frameworks */,
				4627A6962436768F00E1C3B7 /* Resources */,
			);
			buildRules = (
			);
			dependencies = (
			);
			name = MovieList;
			productName = MovieList;
			productReference = 4627A6982436768F00E1C3B7 /* MovieList.app */;
			productType = "com.apple.product-type.application";
		};
		4627A6B2243676CB00E1C3B7 /* MovieListTests */ = {
			isa = PBXNativeTarget;
			buildConfigurationList = 4627A6BA243676CB00E1C3B7 /* Build configuration list for PBXNativeTarget "MovieListTests" */;
			buildPhases = (
				4627A6AF243676CB00E1C3B7 /* Sources */,
				4627A6B0243676CB00E1C3B7 /* Frameworks */,
				4627A6B1243676CB00E1C3B7 /* Resources */,
			);
			buildRules = (
			);
			dependencies = (
				4627A6B9243676CB00E1C3B7 /* PBXTargetDependency */,
			);
			name = MovieListTests;
			productName = MovieListTests;
			productReference = 4627A6B3243676CB00E1C3B7 /* MovieListTests.xctest */;
			productType = "com.apple.product-type.bundle.unit-test";
		};
/* End PBXNativeTarget section */

/* Begin PBXProject section */
		4627A6902436768F00E1C3B7 /* Project object */ = {
			isa = PBXProject;
			attributes = {
				LastSwiftUpdateCheck = 1130;
				LastUpgradeCheck = 1130;
				ORGANIZATIONNAME = "Luiz Felipe Albernaz Pio";
				TargetAttributes = {
					4627A6972436768F00E1C3B7 = {
						CreatedOnToolsVersion = 11.3.1;
					};
					4627A6B2243676CB00E1C3B7 = {
						CreatedOnToolsVersion = 11.3.1;
						LastSwiftMigration = 1130;
						TestTargetID = 4627A6972436768F00E1C3B7;
					};
				};
			};
			buildConfigurationList = 4627A6932436768F00E1C3B7 /* Build configuration list for PBXProject "MovieList" */;
			compatibilityVersion = "Xcode 9.3";
			developmentRegion = en;
			hasScannedForEncodings = 0;
			knownRegions = (
				en,
				Base,
			);
			mainGroup = 4627A68F2436768F00E1C3B7;
			productRefGroup = 4627A6992436768F00E1C3B7 /* Products */;
			projectDirPath = "";
			projectRoot = "";
			targets = (
				4627A6972436768F00E1C3B7 /* MovieList */,
				4627A6B2243676CB00E1C3B7 /* MovieListTests */,
			);
		};
/* End PBXProject section */

/* Begin PBXResourcesBuildPhase section */
		4627A6962436768F00E1C3B7 /* Resources */ = {
			isa = PBXResourcesBuildPhase;
			buildActionMask = 2147483647;
			files = (
				4627A6A82436769200E1C3B7 /* LaunchScreen.storyboard in Resources */,
				4627A6A52436769200E1C3B7 /* Assets.xcassets in Resources */,
				4627A6A32436768F00E1C3B7 /* Main.storyboard in Resources */,
			);
			runOnlyForDeploymentPostprocessing = 0;
		};
		4627A6B1243676CB00E1C3B7 /* Resources */ = {
			isa = PBXResourcesBuildPhase;
			buildActionMask = 2147483647;
			files = (
				467EB5BE2447ECE5007D328C /* valid_movies.json in Resources */,
				467EB5BD2447ECE5007D328C /* invalid_movies.json in Resources */,
			);
			runOnlyForDeploymentPostprocessing = 0;
		};
/* End PBXResourcesBuildPhase section */

/* Begin PBXSourcesBuildPhase section */
		4627A6942436768F00E1C3B7 /* Sources */ = {
			isa = PBXSourcesBuildPhase;
			buildActionMask = 2147483647;
			files = (
				4627A6C224367B2F00E1C3B7 /* Connector.swift in Sources */,
				46673C302450D52300DC8083 /* MovieListPresenter.swift in Sources */,
				46673C372450DEF300DC8083 /* MovieListPresenterProtocol.swift in Sources */,
				4627A69C2436768F00E1C3B7 /* AppDelegate.swift in Sources */,
				4637D9D4243E7DCA00E854F6 /* Movie.swift in Sources */,
				46673C3E2450E6F500DC8083 /* MovieViewModel.swift in Sources */,
				4637D9D8243E868100E854F6 /* MovieListWorker.swift in Sources */,
				4627A69E2436768F00E1C3B7 /* SceneDelegate.swift in Sources */,
				46673C352450DCF900DC8083 /* MovieListPresenterOutputDelegate.swift in Sources */,
			);
			runOnlyForDeploymentPostprocessing = 0;
		};
		4627A6AF243676CB00E1C3B7 /* Sources */ = {
			isa = PBXSourcesBuildPhase;
			buildActionMask = 2147483647;
			files = (
				4627A6C724367DD700E1C3B7 /* MockURLSessionDataTask.swift in Sources */,
				46673C3A2450E67700DC8083 /* MovieListPresenterOutputDelegateTests.swift in Sources */,
				467EB5C62447ECFA007D328C /* Bundle+Extension.swift in Sources */,
				4627A6C524367D6300E1C3B7 /* MockURLSession.swift in Sources */,
				4637D9D6243E7E5A00E854F6 /* MovieListWorkerTests.swift in Sources */,
				46673C3C2450E6ED00DC8083 /* MovieViewModelTests.swift in Sources */,
				46673C422450EC3300DC8083 /* Movie+Extension.swift in Sources */,
				46673C322450D5EF00DC8083 /* MockMovieListWorker.swift in Sources */,
				4637D9D2243E7C7800E854F6 /* MovieTests.swift in Sources */,
				467EB5C82447ECFA007D328C /* XCTestCase+Extension.swift in Sources */,
				46673C412450EC3300DC8083 /* MovieViewModel+Extesnion.swift in Sources */,
				467EB5CB2447ED46007D328C /* DelayedMockURLSession.swift in Sources */,
				46673C2E2450CC9600DC8083 /* MovieListPresenterTests.swift in Sources */,
				467EB5C52447ECFA007D328C /* HTTPURLResponse+Extension.swift in Sources */,
				4627A6BF2436783500E1C3B7 /* ConnectorTests.swift in Sources */,
			);
			runOnlyForDeploymentPostprocessing = 0;
		};
/* End PBXSourcesBuildPhase section */

/* Begin PBXTargetDependency section */
		4627A6B9243676CB00E1C3B7 /* PBXTargetDependency */ = {
			isa = PBXTargetDependency;
			target = 4627A6972436768F00E1C3B7 /* MovieList */;
			targetProxy = 4627A6B8243676CB00E1C3B7 /* PBXContainerItemProxy */;
		};
/* End PBXTargetDependency section */

/* Begin PBXVariantGroup section */
		4627A6A12436768F00E1C3B7 /* Main.storyboard */ = {
			isa = PBXVariantGroup;
			children = (
				4627A6A22436768F00E1C3B7 /* Base */,
			);
			name = Main.storyboard;
			sourceTree = "<group>";
		};
		4627A6A62436769200E1C3B7 /* LaunchScreen.storyboard */ = {
			isa = PBXVariantGroup;
			children = (
				4627A6A72436769200E1C3B7 /* Base */,
			);
			name = LaunchScreen.storyboard;
			sourceTree = "<group>";
		};
/* End PBXVariantGroup section */

/* Begin XCBuildConfiguration section */
		4627A6AA2436769200E1C3B7 /* Debug */ = {
			isa = XCBuildConfiguration;
			buildSettings = {
				ALWAYS_SEARCH_USER_PATHS = NO;
				CLANG_ANALYZER_NONNULL = YES;
				CLANG_ANALYZER_NUMBER_OBJECT_CONVERSION = YES_AGGRESSIVE;
				CLANG_CXX_LANGUAGE_STANDARD = "gnu++14";
				CLANG_CXX_LIBRARY = "libc++";
				CLANG_ENABLE_MODULES = YES;
				CLANG_ENABLE_OBJC_ARC = YES;
				CLANG_ENABLE_OBJC_WEAK = YES;
				CLANG_WARN_BLOCK_CAPTURE_AUTORELEASING = YES;
				CLANG_WARN_BOOL_CONVERSION = YES;
				CLANG_WARN_COMMA = YES;
				CLANG_WARN_CONSTANT_CONVERSION = YES;
				CLANG_WARN_DEPRECATED_OBJC_IMPLEMENTATIONS = YES;
				CLANG_WARN_DIRECT_OBJC_ISA_USAGE = YES_ERROR;
				CLANG_WARN_DOCUMENTATION_COMMENTS = YES;
				CLANG_WARN_EMPTY_BODY = YES;
				CLANG_WARN_ENUM_CONVERSION = YES;
				CLANG_WARN_INFINITE_RECURSION = YES;
				CLANG_WARN_INT_CONVERSION = YES;
				CLANG_WARN_NON_LITERAL_NULL_CONVERSION = YES;
				CLANG_WARN_OBJC_IMPLICIT_RETAIN_SELF = YES;
				CLANG_WARN_OBJC_LITERAL_CONVERSION = YES;
				CLANG_WARN_OBJC_ROOT_CLASS = YES_ERROR;
				CLANG_WARN_RANGE_LOOP_ANALYSIS = YES;
				CLANG_WARN_STRICT_PROTOTYPES = YES;
				CLANG_WARN_SUSPICIOUS_MOVE = YES;
				CLANG_WARN_UNGUARDED_AVAILABILITY = YES_AGGRESSIVE;
				CLANG_WARN_UNREACHABLE_CODE = YES;
				CLANG_WARN__DUPLICATE_METHOD_MATCH = YES;
				COPY_PHASE_STRIP = NO;
				DEBUG_INFORMATION_FORMAT = dwarf;
				ENABLE_STRICT_OBJC_MSGSEND = YES;
				ENABLE_TESTABILITY = YES;
				GCC_C_LANGUAGE_STANDARD = gnu11;
				GCC_DYNAMIC_NO_PIC = NO;
				GCC_NO_COMMON_BLOCKS = YES;
				GCC_OPTIMIZATION_LEVEL = 0;
				GCC_PREPROCESSOR_DEFINITIONS = (
					"DEBUG=1",
					"$(inherited)",
				);
				GCC_WARN_64_TO_32_BIT_CONVERSION = YES;
				GCC_WARN_ABOUT_RETURN_TYPE = YES_ERROR;
				GCC_WARN_UNDECLARED_SELECTOR = YES;
				GCC_WARN_UNINITIALIZED_AUTOS = YES_AGGRESSIVE;
				GCC_WARN_UNUSED_FUNCTION = YES;
				GCC_WARN_UNUSED_VARIABLE = YES;
				IPHONEOS_DEPLOYMENT_TARGET = 13.2;
				MTL_ENABLE_DEBUG_INFO = INCLUDE_SOURCE;
				MTL_FAST_MATH = YES;
				ONLY_ACTIVE_ARCH = YES;
				SDKROOT = iphoneos;
				SWIFT_ACTIVE_COMPILATION_CONDITIONS = DEBUG;
				SWIFT_OPTIMIZATION_LEVEL = "-Onone";
			};
			name = Debug;
		};
		4627A6AB2436769200E1C3B7 /* Release */ = {
			isa = XCBuildConfiguration;
			buildSettings = {
				ALWAYS_SEARCH_USER_PATHS = NO;
				CLANG_ANALYZER_NONNULL = YES;
				CLANG_ANALYZER_NUMBER_OBJECT_CONVERSION = YES_AGGRESSIVE;
				CLANG_CXX_LANGUAGE_STANDARD = "gnu++14";
				CLANG_CXX_LIBRARY = "libc++";
				CLANG_ENABLE_MODULES = YES;
				CLANG_ENABLE_OBJC_ARC = YES;
				CLANG_ENABLE_OBJC_WEAK = YES;
				CLANG_WARN_BLOCK_CAPTURE_AUTORELEASING = YES;
				CLANG_WARN_BOOL_CONVERSION = YES;
				CLANG_WARN_COMMA = YES;
				CLANG_WARN_CONSTANT_CONVERSION = YES;
				CLANG_WARN_DEPRECATED_OBJC_IMPLEMENTATIONS = YES;
				CLANG_WARN_DIRECT_OBJC_ISA_USAGE = YES_ERROR;
				CLANG_WARN_DOCUMENTATION_COMMENTS = YES;
				CLANG_WARN_EMPTY_BODY = YES;
				CLANG_WARN_ENUM_CONVERSION = YES;
				CLANG_WARN_INFINITE_RECURSION = YES;
				CLANG_WARN_INT_CONVERSION = YES;
				CLANG_WARN_NON_LITERAL_NULL_CONVERSION = YES;
				CLANG_WARN_OBJC_IMPLICIT_RETAIN_SELF = YES;
				CLANG_WARN_OBJC_LITERAL_CONVERSION = YES;
				CLANG_WARN_OBJC_ROOT_CLASS = YES_ERROR;
				CLANG_WARN_RANGE_LOOP_ANALYSIS = YES;
				CLANG_WARN_STRICT_PROTOTYPES = YES;
				CLANG_WARN_SUSPICIOUS_MOVE = YES;
				CLANG_WARN_UNGUARDED_AVAILABILITY = YES_AGGRESSIVE;
				CLANG_WARN_UNREACHABLE_CODE = YES;
				CLANG_WARN__DUPLICATE_METHOD_MATCH = YES;
				COPY_PHASE_STRIP = NO;
				DEBUG_INFORMATION_FORMAT = "dwarf-with-dsym";
				ENABLE_NS_ASSERTIONS = NO;
				ENABLE_STRICT_OBJC_MSGSEND = YES;
				GCC_C_LANGUAGE_STANDARD = gnu11;
				GCC_NO_COMMON_BLOCKS = YES;
				GCC_WARN_64_TO_32_BIT_CONVERSION = YES;
				GCC_WARN_ABOUT_RETURN_TYPE = YES_ERROR;
				GCC_WARN_UNDECLARED_SELECTOR = YES;
				GCC_WARN_UNINITIALIZED_AUTOS = YES_AGGRESSIVE;
				GCC_WARN_UNUSED_FUNCTION = YES;
				GCC_WARN_UNUSED_VARIABLE = YES;
				IPHONEOS_DEPLOYMENT_TARGET = 13.2;
				MTL_ENABLE_DEBUG_INFO = NO;
				MTL_FAST_MATH = YES;
				SDKROOT = iphoneos;
				SWIFT_COMPILATION_MODE = wholemodule;
				SWIFT_OPTIMIZATION_LEVEL = "-O";
				VALIDATE_PRODUCT = YES;
			};
			name = Release;
		};
		4627A6AD2436769200E1C3B7 /* Debug */ = {
			isa = XCBuildConfiguration;
			buildSettings = {
				ASSETCATALOG_COMPILER_APPICON_NAME = AppIcon;
				CODE_SIGN_STYLE = Automatic;
				INFOPLIST_FILE = MovieList/Base/Info.plist;
				LD_RUNPATH_SEARCH_PATHS = (
					"$(inherited)",
					"@executable_path/Frameworks",
				);
				PRODUCT_BUNDLE_IDENTIFIER = com.zup.lfap.MovieList;
				PRODUCT_NAME = "$(TARGET_NAME)";
				SWIFT_VERSION = 5.0;
				TARGETED_DEVICE_FAMILY = "1,2";
			};
			name = Debug;
		};
		4627A6AE2436769200E1C3B7 /* Release */ = {
			isa = XCBuildConfiguration;
			buildSettings = {
				ASSETCATALOG_COMPILER_APPICON_NAME = AppIcon;
				CODE_SIGN_STYLE = Automatic;
				INFOPLIST_FILE = MovieList/Base/Info.plist;
				LD_RUNPATH_SEARCH_PATHS = (
					"$(inherited)",
					"@executable_path/Frameworks",
				);
				PRODUCT_BUNDLE_IDENTIFIER = com.zup.lfap.MovieList;
				PRODUCT_NAME = "$(TARGET_NAME)";
				SWIFT_VERSION = 5.0;
				TARGETED_DEVICE_FAMILY = "1,2";
			};
			name = Release;
		};
		4627A6BB243676CB00E1C3B7 /* Debug */ = {
			isa = XCBuildConfiguration;
			buildSettings = {
				BUNDLE_LOADER = "$(TEST_HOST)";
				CLANG_ENABLE_MODULES = YES;
				CODE_SIGN_STYLE = Automatic;
				INFOPLIST_FILE = MovieListTests/Info.plist;
				LD_RUNPATH_SEARCH_PATHS = (
					"$(inherited)",
					"@executable_path/Frameworks",
					"@loader_path/Frameworks",
				);
				PRODUCT_BUNDLE_IDENTIFIER = com.zup.lfap.MovieListTests;
				PRODUCT_NAME = "$(TARGET_NAME)";
				SWIFT_OPTIMIZATION_LEVEL = "-Onone";
				SWIFT_VERSION = 5.0;
				TARGETED_DEVICE_FAMILY = "1,2";
				TEST_HOST = "$(BUILT_PRODUCTS_DIR)/MovieList.app/MovieList";
			};
			name = Debug;
		};
		4627A6BC243676CB00E1C3B7 /* Release */ = {
			isa = XCBuildConfiguration;
			buildSettings = {
				BUNDLE_LOADER = "$(TEST_HOST)";
				CLANG_ENABLE_MODULES = YES;
				CODE_SIGN_STYLE = Automatic;
				INFOPLIST_FILE = MovieListTests/Info.plist;
				LD_RUNPATH_SEARCH_PATHS = (
					"$(inherited)",
					"@executable_path/Frameworks",
					"@loader_path/Frameworks",
				);
				PRODUCT_BUNDLE_IDENTIFIER = com.zup.lfap.MovieListTests;
				PRODUCT_NAME = "$(TARGET_NAME)";
				SWIFT_VERSION = 5.0;
				TARGETED_DEVICE_FAMILY = "1,2";
				TEST_HOST = "$(BUILT_PRODUCTS_DIR)/MovieList.app/MovieList";
			};
			name = Release;
		};
/* End XCBuildConfiguration section */

/* Begin XCConfigurationList section */
		4627A6932436768F00E1C3B7 /* Build configuration list for PBXProject "MovieList" */ = {
			isa = XCConfigurationList;
			buildConfigurations = (
				4627A6AA2436769200E1C3B7 /* Debug */,
				4627A6AB2436769200E1C3B7 /* Release */,
			);
			defaultConfigurationIsVisible = 0;
			defaultConfigurationName = Release;
		};
		4627A6AC2436769200E1C3B7 /* Build configuration list for PBXNativeTarget "MovieList" */ = {
			isa = XCConfigurationList;
			buildConfigurations = (
				4627A6AD2436769200E1C3B7 /* Debug */,
				4627A6AE2436769200E1C3B7 /* Release */,
			);
			defaultConfigurationIsVisible = 0;
			defaultConfigurationName = Release;
		};
		4627A6BA243676CB00E1C3B7 /* Build configuration list for PBXNativeTarget "MovieListTests" */ = {
			isa = XCConfigurationList;
			buildConfigurations = (
				4627A6BB243676CB00E1C3B7 /* Debug */,
				4627A6BC243676CB00E1C3B7 /* Release */,
			);
			defaultConfigurationIsVisible = 0;
			defaultConfigurationName = Release;
		};
/* End XCConfigurationList section */
	};
	rootObject = 4627A6902436768F00E1C3B7 /* Project object */;
}
